
Microsoft Visual Studio Solution File, Format Version 12.00
# Visual Studio Version 17
VisualStudioVersion = 17.10.35013.160
MinimumVisualStudioVersion = 10.0.40219.1
Project("{FAE04EC0-301F-11D3-BF4B-00C04F79EFBC}") = "Practice5", "Practice5.csproj", "{B4C9D2A3-4BB1-4853-B033-14FFD5206428}"
EndProject
Global
	GlobalSection(SolutionConfigurationPlatforms) = preSolution
		Debug|Any CPU = Debug|Any CPU
		Release|Any CPU = Release|Any CPU
	EndGlobalSection
	GlobalSection(ProjectConfigurationPlatforms) = postSolution
		{B4C9D2A3-4BB1-4853-B033-14FFD5206428}.Debug|Any CPU.ActiveCfg = Debug|Any CPU
		{B4C9D2A3-4BB1-4853-B033-14FFD5206428}.Debug|Any CPU.Build.0 = Debug|Any CPU
		{B4C9D2A3-4BB1-4853-B033-14FFD5206428}.Release|Any CPU.ActiveCfg = Release|Any CPU
		{B4C9D2A3-4BB1-4853-B033-14FFD5206428}.Release|Any CPU.Build.0 = Release|Any CPU
	EndGlobalSection
	GlobalSection(SolutionProperties) = preSolution
		HideSolutionNode = FALSE
	EndGlobalSection
	GlobalSection(ExtensibilityGlobals) = postSolution
		SolutionGuid = {0BC87D57-3FB0-47D4-B7C3-D3F31DFDA6C1}
	EndGlobalSection
EndGlobal
