
Microsoft Visual Studio Solution File, Format Version 12.00
# Visual Studio Version 17
VisualStudioVersion = 17.10.35013.160
MinimumVisualStudioVersion = 10.0.40219.1
Project("{FAE04EC0-301F-11D3-BF4B-00C04F79EFBC}") = "Practice4", "Practice4.csproj", "{EDF23C47-DCC1-44F6-A766-AE3C323F50EA}"
EndProject
Global
	GlobalSection(SolutionConfigurationPlatforms) = preSolution
		Debug|Any CPU = Debug|Any CPU
		Release|Any CPU = Release|Any CPU
	EndGlobalSection
	GlobalSection(ProjectConfigurationPlatforms) = postSolution
		{EDF23C47-DCC1-44F6-A766-AE3C323F50EA}.Debug|Any CPU.ActiveCfg = Debug|Any CPU
		{EDF23C47-DCC1-44F6-A766-AE3C323F50EA}.Debug|Any CPU.Build.0 = Debug|Any CPU
		{EDF23C47-DCC1-44F6-A766-AE3C323F50EA}.Release|Any CPU.ActiveCfg = Release|Any CPU
		{EDF23C47-DCC1-44F6-A766-AE3C323F50EA}.Release|Any CPU.Build.0 = Release|Any CPU
	EndGlobalSection
	GlobalSection(SolutionProperties) = preSolution
		HideSolutionNode = FALSE
	EndGlobalSection
	GlobalSection(ExtensibilityGlobals) = postSolution
		SolutionGuid = {B1F2C06A-F4BC-4528-A158-702E87768F86}
	EndGlobalSection
EndGlobal
