
Microsoft Visual Studio Solution File, Format Version 12.00
# Visual Studio Version 17
VisualStudioVersion = 17.10.35013.160
MinimumVisualStudioVersion = 10.0.40219.1
Project("{FAE04EC0-301F-11D3-BF4B-00C04F79EFBC}") = "Pratice2", "Pratice2.csproj", "{5DE824FC-1D7D-4F67-97B4-93C1A4E162A0}"
EndProject
Global
	GlobalSection(SolutionConfigurationPlatforms) = preSolution
		Debug|Any CPU = Debug|Any CPU
		Release|Any CPU = Release|Any CPU
	EndGlobalSection
	GlobalSection(ProjectConfigurationPlatforms) = postSolution
		{5DE824FC-1D7D-4F67-97B4-93C1A4E162A0}.Debug|Any CPU.ActiveCfg = Debug|Any CPU
		{5DE824FC-1D7D-4F67-97B4-93C1A4E162A0}.Debug|Any CPU.Build.0 = Debug|Any CPU
		{5DE824FC-1D7D-4F67-97B4-93C1A4E162A0}.Release|Any CPU.ActiveCfg = Release|Any CPU
		{5DE824FC-1D7D-4F67-97B4-93C1A4E162A0}.Release|Any CPU.Build.0 = Release|Any CPU
	EndGlobalSection
	GlobalSection(SolutionProperties) = preSolution
		HideSolutionNode = FALSE
	EndGlobalSection
	GlobalSection(ExtensibilityGlobals) = postSolution
		SolutionGuid = {CB3D15F9-B050-4A9B-A1C5-1B000AA534B6}
	EndGlobalSection
EndGlobal
