
Microsoft Visual Studio Solution File, Format Version 12.00
# Visual Studio Version 17
VisualStudioVersion = 17.10.35013.160
MinimumVisualStudioVersion = 10.0.40219.1
Project("{FAE04EC0-301F-11D3-BF4B-00C04F79EFBC}") = "Strings", "Strings.csproj", "{AFD1D089-395F-4BBE-89D7-AE8EB627378A}"
EndProject
Global
	GlobalSection(SolutionConfigurationPlatforms) = preSolution
		Debug|Any CPU = Debug|Any CPU
		Release|Any CPU = Release|Any CPU
	EndGlobalSection
	GlobalSection(ProjectConfigurationPlatforms) = postSolution
		{AFD1D089-395F-4BBE-89D7-AE8EB627378A}.Debug|Any CPU.ActiveCfg = Debug|Any CPU
		{AFD1D089-395F-4BBE-89D7-AE8EB627378A}.Debug|Any CPU.Build.0 = Debug|Any CPU
		{AFD1D089-395F-4BBE-89D7-AE8EB627378A}.Release|Any CPU.ActiveCfg = Release|Any CPU
		{AFD1D089-395F-4BBE-89D7-AE8EB627378A}.Release|Any CPU.Build.0 = Release|Any CPU
	EndGlobalSection
	GlobalSection(SolutionProperties) = preSolution
		HideSolutionNode = FALSE
	EndGlobalSection
	GlobalSection(ExtensibilityGlobals) = postSolution
		SolutionGuid = {A1AA8BD5-ECB8-43A7-B6CF-F4F74DECC73F}
	EndGlobalSection
EndGlobal
